
Microsoft Visual Studio Solution File, Format Version 12.00
# Visual Studio Version 17
VisualStudioVersion = 17.4.33103.184
MinimumVisualStudioVersion = 10.0.40219.1
Project("{FAE04EC0-301F-11D3-BF4B-00C04F79EFBC}") = "TesteCielo", "TesteCielo\TesteCielo.csproj", "{1CA4AD88-0C0C-46A6-AE90-BD2C86ECB727}"
EndProject
Global
	GlobalSection(SolutionConfigurationPlatforms) = preSolution
		Debug|Any CPU = Debug|Any CPU
		Release|Any CPU = Release|Any CPU
	EndGlobalSection
	GlobalSection(ProjectConfigurationPlatforms) = postSolution
		{1CA4AD88-0C0C-46A6-AE90-BD2C86ECB727}.Debug|Any CPU.ActiveCfg = Debug|Any CPU
		{1CA4AD88-0C0C-46A6-AE90-BD2C86ECB727}.Debug|Any CPU.Build.0 = Debug|Any CPU
		{1CA4AD88-0C0C-46A6-AE90-BD2C86ECB727}.Release|Any CPU.ActiveCfg = Release|Any CPU
		{1CA4AD88-0C0C-46A6-AE90-BD2C86ECB727}.Release|Any CPU.Build.0 = Release|Any CPU
	EndGlobalSection
	GlobalSection(SolutionProperties) = preSolution
		HideSolutionNode = FALSE
	EndGlobalSection
	GlobalSection(ExtensibilityGlobals) = postSolution
		SolutionGuid = {08B24483-A00F-43B5-8C12-4AEC56A0E558}
	EndGlobalSection
EndGlobal
